
Microsoft Visual Studio Solution File, Format Version 12.00
# Visual Studio Version 17
VisualStudioVersion = 17.14.36511.14 d17.14
MinimumVisualStudioVersion = 10.0.40219.1
Project("{FAE04EC0-301F-11D3-BF4B-00C04F79EFBC}") = "SIMPRE_BDI", "SIMPRE_BDI.csproj", "{1848516F-412C-45B9-A504-F0AABD4B72EC}"
EndProject
Global
	GlobalSection(SolutionConfigurationPlatforms) = preSolution
		Debug|Any CPU = Debug|Any CPU
		Release|Any CPU = Release|Any CPU
	EndGlobalSection
	GlobalSection(ProjectConfigurationPlatforms) = postSolution
		{1848516F-412C-45B9-A504-F0AABD4B72EC}.Debug|Any CPU.ActiveCfg = Debug|Any CPU
		{1848516F-412C-45B9-A504-F0AABD4B72EC}.Debug|Any CPU.Build.0 = Debug|Any CPU
		{1848516F-412C-45B9-A504-F0AABD4B72EC}.Release|Any CPU.ActiveCfg = Release|Any CPU
		{1848516F-412C-45B9-A504-F0AABD4B72EC}.Release|Any CPU.Build.0 = Release|Any CPU
	EndGlobalSection
	GlobalSection(SolutionProperties) = preSolution
		HideSolutionNode = FALSE
	EndGlobalSection
	GlobalSection(ExtensibilityGlobals) = postSolution
		SolutionGuid = {2656A882-0801-417B-8E16-40597460FE06}
	EndGlobalSection
EndGlobal
